{
  "name": "@angular-material-extensions/password-strength-demo",
  "version": "1.0.5",
  "lockfileVersion": 1,
  "requires": true,
  "dependencies": {
    "@angular-material-extensions/pages": {
      "version": "2.1.0",
      "resolved": "https://registry.npmjs.org/@angular-material-extensions/pages/-/pages-2.1.0.tgz",
      "integrity": "sha512-77zQ4y5KG3jr4eBIS1nYlN8azw05SDpL/4qHOyF8KXFH17qlyi8ZdQdkVsFA7jF0ZpfSoIsdM0O7iKYHnGqhkw=="
    },
    "@angular/animations": {
      "version": "7.2.10",
      "resolved": "https://registry.npmjs.org/@angular/animations/-/animations-7.2.10.tgz",
      "integrity": "sha512-WgklBWYKy8LVlugMJ8XgBB4whNiMng8vY6mpaYhza064nsrQXK+ua1anSOGMGlmCI/5i4EgaycTS05XD/C+Kkw==",
      "requires": {
        "tslib": "^1.9.0"
      }
    },
    "@angular/cdk": {
      "version": "7.3.7",
      "resolved": "https://registry.npmjs.org/@angular/cdk/-/cdk-7.3.7.tgz",
      "integrity": "sha512-xbXxhHHKGkVuW6K7pzPmvpJXIwpl0ykBnvA2g+/7Sgy5Pd35wCC+UtHD9RYczDM/mkygNxMQtagyCErwFnDtQA==",
      "requires": {
        "parse5": "^5.0.0",
        "tslib": "^1.7.1"
      }
    },
    "@angular/common": {
      "version": "7.2.10",
      "resolved": "https://registry.npmjs.org/@angular/common/-/common-7.2.10.tgz",
      "integrity": "sha512-FyiVUhV1MaRogXmVKsw6CMXqWZHsiYMdK651absXtGqWZn6and0jiUwEM9LbV4HRpLbB7F6gwqCvT5Ft8xpzeg==",
      "requires": {
        "tslib": "^1.9.0"
      }
    },
    "@angular/compiler": {
      "version": "7.2.10",
      "resolved": "https://registry.npmjs.org/@angular/compiler/-/compiler-7.2.10.tgz",
      "integrity": "sha512-sRuH+UDogzAHpagorHfj2rbF8HWGEJGsFUn5TGq1vyWA37ALuu/zkemufIcgET16lTiBEvVn7/Oz9Am+JTlGrg==",
      "requires": {
        "tslib": "^1.9.0"
      }
    },
    "@angular/core": {
      "version": "7.2.10",
      "resolved": "https://registry.npmjs.org/@angular/core/-/core-7.2.10.tgz",
      "integrity": "sha512-u2IKaq4G1wpq5w1AI0Q7jnsKuSfR4WDsBLnwtjTIjde1YDqA0n0dYwqrvWzLK6SbzSWjlrAXx0hrz5SlDchmqA==",
      "requires": {
        "tslib": "^1.9.0"
      }
    },
    "@angular/flex-layout": {
      "version": "7.0.0-beta.24",
      "resolved": "https://registry.npmjs.org/@angular/flex-layout/-/flex-layout-7.0.0-beta.24.tgz",
      "integrity": "sha512-ll6sK0nLGxqI/f5+z4jbd+pve1QITzgehv2AuGvfSDgIjPMeqUDB5YZqQmIGM/dQRk/vIio5KCW5LQPJWzMMYQ==",
      "requires": {
        "tslib": "^1.7.1"
      }
    },
    "@angular/forms": {
      "version": "7.2.10",
      "resolved": "https://registry.npmjs.org/@angular/forms/-/forms-7.2.10.tgz",
      "integrity": "sha512-fQccon0Yuni13QJt16npSRlkitPZBLXfWXDFwCEybo/QqtSar3BOJAQFW2yqokrfW5lbO5VDFJ7Pj2dDyBXEAA==",
      "requires": {
        "tslib": "^1.9.0"
      }
    },
    "@angular/http": {
      "version": "7.2.10",
      "resolved": "https://registry.npmjs.org/@angular/http/-/http-7.2.10.tgz",
      "integrity": "sha512-Uaq9Ep21ZZIG+yzYHhyH+RA/AEyKGTtWT5y12UXXFsCdXSwJ2p+czw2EdP42Oj1g1QptkP6lAl2W/RUlxwXQcw==",
      "requires": {
        "tslib": "^1.9.0"
      }
    },
    "@angular/material": {
      "version": "7.3.7",
      "resolved": "https://registry.npmjs.org/@angular/material/-/material-7.3.7.tgz",
      "integrity": "sha512-Eq+7frkeNGkLOfEtmkmJgR+AgoWajOipXZWWfCSamNfpCcPof82DwvGOpAmgGni9FuN2XFQdqP5MoaffQzIvUA==",
      "requires": {
        "tslib": "^1.7.1"
      }
    },
    "@angular/platform-browser": {
      "version": "7.2.10",
      "resolved": "https://registry.npmjs.org/@angular/platform-browser/-/platform-browser-7.2.10.tgz",
      "integrity": "sha512-78r527d0Nw0svkDw2SBr58H3VEH5VAvn+r+q7NLqIqD8jsOMf8CMztUCDs+h02HhEHveCXWI5EtFXxWepB6wFg==",
      "requires": {
        "tslib": "^1.9.0"
      }
    },
    "@angular/platform-browser-dynamic": {
      "version": "7.2.10",
      "resolved": "https://registry.npmjs.org/@angular/platform-browser-dynamic/-/platform-browser-dynamic-7.2.10.tgz",
      "integrity": "sha512-ZTJL7iIEL3yDgJLx5/a2wfKsxe0ZHEUSibtbRQNpn35ZI0G9QN7ezbTOqj2+/QGvaY8Y1JeoYCeJrMzaUxDxGg==",
      "requires": {
        "tslib": "^1.9.0"
      }
    },
    "@angular/platform-server": {
      "version": "7.2.10",
      "resolved": "https://registry.npmjs.org/@angular/platform-server/-/platform-server-7.2.10.tgz",
      "integrity": "sha512-LkjntWRS05ilYXt0oO+92FALAeruebWlqNVd/hR8T8dsmFMQQyK/aBDw+DBbPceIjwxyhpJd8+CuGmR+pGXvwQ==",
      "requires": {
        "domino": "^2.1.0",
        "tslib": "^1.9.0",
        "xhr2": "^0.1.4"
      }
    },
    "@angular/router": {
      "version": "7.2.10",
      "resolved": "https://registry.npmjs.org/@angular/router/-/router-7.2.10.tgz",
      "integrity": "sha512-7A0n6O5sW2xbQTG6pHfCwSkx6UvUQLg6Z/sDOghAZUakf4kd5BIWet1Q9eyiYndkpq6esQ+gMt9+CeJidf5l1A==",
      "requires": {
        "tslib": "^1.9.0"
      }
    },
    "@angular/service-worker": {
      "version": "7.2.10",
      "resolved": "https://registry.npmjs.org/@angular/service-worker/-/service-worker-7.2.10.tgz",
      "integrity": "sha512-T3s3rm3FRhrZNKsBGli6ukLobo30hMG9HkV/TH5473wBQPDIZs1aa24GYfSkqmuadvP42tn0BD6XvxWiADcY7A==",
      "requires": {
        "tslib": "^1.9.0"
      }
    },
    "@ng-bootstrap/ng-bootstrap": {
      "version": "4.1.1",
      "resolved": "https://registry.npmjs.org/@ng-bootstrap/ng-bootstrap/-/ng-bootstrap-4.1.1.tgz",
      "integrity": "sha512-OgbmPVhbDdNpIwogEXsycUJG0caNtb2+wCABfLUClgi9YcfNXhZ9Phu2GQq7Pk/LO66okth6s77RBQnbTJuysg==",
      "requires": {
        "tslib": "^1.9.0"
      }
    },
    "@ngx-translate/core": {
      "version": "11.0.1",
      "resolved": "https://registry.npmjs.org/@ngx-translate/core/-/core-11.0.1.tgz",
      "integrity": "sha512-nBCa1ZD9fAUY/3eskP3Lql2fNg8OMrYIej1/5GRsfcutx9tG/5fZLCv9m6UCw1aS+u4uK/vXjv1ctG/FdMvaWg==",
      "requires": {
        "tslib": "^1.9.0"
      }
    },
    "@ngx-translate/http-loader": {
      "version": "4.0.0",
      "resolved": "https://registry.npmjs.org/@ngx-translate/http-loader/-/http-loader-4.0.0.tgz",
      "integrity": "sha512-x8LumqydWD7eX9yQTAVeoCM9gFUIGVTUjZqbxdAUavAA3qVnk9wCQux7iHLPXpydl8vyQmLoPQR+fFU+DUDOMA==",
      "requires": {
        "tslib": "^1.9.0"
      }
    },
    "@types/marked": {
      "version": "0.6.5",
      "resolved": "https://registry.npmjs.org/@types/marked/-/marked-0.6.5.tgz",
      "integrity": "sha512-6kBKf64aVfx93UJrcyEZ+OBM5nGv4RLsI6sR1Ar34bpgvGVRoyTgpxn4ZmtxOM5aDTAaaznYuYUH8bUX3Nk3YA=="
    },
    "bootstrap": {
      "version": "4.3.1",
      "resolved": "https://registry.npmjs.org/bootstrap/-/bootstrap-4.3.1.tgz",
      "integrity": "sha512-rXqOmH1VilAt2DyPzluTi2blhk17bO7ef+zLLPlWvG494pDxcM234pJ8wTc/6R40UWizAIIMgxjvxZg5kmsbag=="
    },
    "clipboard": {
      "version": "2.0.4",
      "resolved": "https://registry.npmjs.org/clipboard/-/clipboard-2.0.4.tgz",
      "integrity": "sha512-Vw26VSLRpJfBofiVaFb/I8PVfdI1OxKcYShe6fm0sP/DtmiWQNCjhM/okTvdCo0G+lMMm1rMYbk4IK4x1X+kgQ==",
      "optional": true,
      "requires": {
        "good-listener": "^1.2.2",
        "select": "^1.1.2",
        "tiny-emitter": "^2.0.0"
      }
    },
    "core-js": {
      "version": "2.6.5",
      "resolved": "https://registry.npmjs.org/core-js/-/core-js-2.6.5.tgz",
      "integrity": "sha512-klh/kDpwX8hryYL14M9w/xei6vrv6sE8gTHDG7/T/+SEovB/G4ejwcfE/CBzO6Edsu+OETZMZ3wcX/EjUkrl5A=="
    },
    "delegate": {
      "version": "3.2.0",
      "resolved": "https://registry.npmjs.org/delegate/-/delegate-3.2.0.tgz",
      "integrity": "sha512-IofjkYBZaZivn0V8nnsMJGBr4jVLxHDheKSW88PyxS5QC4Vo9ZbZVvhzlSxY87fVq3STR6r+4cGepyHkcWOQSw==",
      "optional": true
    },
    "domino": {
      "version": "2.1.3",
      "resolved": "https://registry.npmjs.org/domino/-/domino-2.1.3.tgz",
      "integrity": "sha512-EwjTbUv1Q/RLQOdn9k7ClHutrQcWGsfXaRQNOnM/KgK4xDBoLFEcIRFuBSxAx13Vfa63X029gXYrNFrSy+DOSg=="
    },
    "font-awesome": {
      "version": "4.7.0",
      "resolved": "https://registry.npmjs.org/font-awesome/-/font-awesome-4.7.0.tgz",
      "integrity": "sha1-j6jPBBGhoxr9B7BtKQK7n8gVoTM="
    },
    "good-listener": {
      "version": "1.2.2",
      "resolved": "https://registry.npmjs.org/good-listener/-/good-listener-1.2.2.tgz",
      "integrity": "sha1-1TswzfkxPf+33JoNR3CWqm0UXFA=",
      "optional": true,
      "requires": {
        "delegate": "^3.1.2"
      }
    },
    "hammerjs": {
      "version": "2.0.8",
      "resolved": "https://registry.npmjs.org/hammerjs/-/hammerjs-2.0.8.tgz",
      "integrity": "sha1-BO93hiz/K7edMPdpIJWTAiK/YPE="
    },
    "highlight.js": {
      "version": "9.15.6",
      "resolved": "https://registry.npmjs.org/highlight.js/-/highlight.js-9.15.6.tgz",
      "integrity": "sha512-zozTAWM1D6sozHo8kqhfYgsac+B+q0PmsjXeyDrYIHHcBN0zTVT66+s2GW1GZv7DbyaROdLXKdabwS/WqPyIdQ=="
    },
    "include-media": {
      "version": "1.4.9",
      "resolved": "https://registry.npmjs.org/include-media/-/include-media-1.4.9.tgz",
      "integrity": "sha1-0AILe+PrLVSGiiCUNZXOOA4LxDs="
    },
    "marked": {
      "version": "0.6.2",
      "resolved": "https://registry.npmjs.org/marked/-/marked-0.6.2.tgz",
      "integrity": "sha512-LqxwVH3P/rqKX4EKGz7+c2G9r98WeM/SW34ybhgNGhUQNKtf1GmmSkJ6cDGJ/t6tiyae49qRkpyTw2B9HOrgUA=="
    },
    "material-design-icons": {
      "version": "3.0.1",
      "resolved": "https://registry.npmjs.org/material-design-icons/-/material-design-icons-3.0.1.tgz",
      "integrity": "sha1-mnHEh0chjrylHlGmbaaCA4zct78="
    },
    "ngx-clipboard": {
      "version": "11.1.9",
      "resolved": "https://registry.npmjs.org/ngx-clipboard/-/ngx-clipboard-11.1.9.tgz",
      "integrity": "sha512-xF54Ibt/04g2B5SnYylNz7ESP1/thuC7odo+0bKkgbCC873NaqP1VTVx/umh/cnezlXKu8zuWNzzg05tvfgaJg==",
      "requires": {
        "ngx-window-token": "^1.0.2",
        "tslib": "^1.9.0"
      }
    },
    "ngx-disqus": {
      "version": "2.4.3",
      "resolved": "https://registry.npmjs.org/ngx-disqus/-/ngx-disqus-2.4.3.tgz",
      "integrity": "sha512-Fyby5h8LnLuQBW8t8vv1r9XsiMh3+71+gCxhHu6dAhqkjUemeq3PO6DiPGgy+Ojt2aIDIWJd72wq99xDEhHxUg==",
      "requires": {
        "tslib": "^1.9.0"
      }
    },
    "ngx-highlightjs": {
      "version": "3.0.3",
      "resolved": "https://registry.npmjs.org/ngx-highlightjs/-/ngx-highlightjs-3.0.3.tgz",
      "integrity": "sha512-/Eh+uJL9CiePWXzyT7VpLaQoWQyyNEUQaHhJ4faUBQZLBpachCBY55iDX0mi50zG9dapTiiapH5Vz/sL2GDxlg==",
      "requires": {
        "tslib": "^1.9.0"
      }
    },
    "ngx-markdown": {
      "version": "7.1.5",
      "resolved": "https://registry.npmjs.org/ngx-markdown/-/ngx-markdown-7.1.5.tgz",
      "integrity": "sha512-boL1eQkdHHwVQuLsRF4eaIxuBx2PoJidO/YStLU2a0u6Q7VCjaZI09oSPgsAmsDjJ/Hu7ZWGPv475H7BGJ8iCw==",
      "requires": {
        "@types/marked": "^0.6.0",
        "marked": "^0.6.0",
        "prismjs": "^1.16.0",
        "tslib": "^1.9.0"
      }
    },
    "ngx-window-token": {
      "version": "1.0.2",
      "resolved": "https://registry.npmjs.org/ngx-window-token/-/ngx-window-token-1.0.2.tgz",
      "integrity": "sha512-bFgvi7MYSK1p4b3Mqvn9+biXaO8QDEbpP2sEMSwr0Zgrwh6zCO3F92a6SIIzusqpZBAhxyfVSqj3mO5qIxlM5Q==",
      "requires": {
        "tslib": "^1.9.0"
      }
    },
    "parse5": {
      "version": "5.1.0",
      "resolved": "https://registry.npmjs.org/parse5/-/parse5-5.1.0.tgz",
      "integrity": "sha512-fxNG2sQjHvlVAYmzBZS9YlDp6PTSSDwa98vkD4QgVDDCAo84z5X1t5XyJQ62ImdLXx5NdIIfihey6xpum9/gRQ==",
      "optional": true
    },
    "prismjs": {
      "version": "1.16.0",
      "resolved": "https://registry.npmjs.org/prismjs/-/prismjs-1.16.0.tgz",
      "integrity": "sha512-OA4MKxjFZHSvZcisLGe14THYsug/nF6O1f0pAJc0KN0wTyAcLqmsbE+lTGKSpyh+9pEW57+k6pg2AfYR+coyHA==",
      "requires": {
        "clipboard": "^2.0.0"
      }
    },
    "rxjs": {
      "version": "6.4.0",
      "resolved": "https://registry.npmjs.org/rxjs/-/rxjs-6.4.0.tgz",
      "integrity": "sha512-Z9Yfa11F6B9Sg/BK9MnqnQ+aQYicPLtilXBp2yUtDt2JRCE0h26d33EnfO3ZxoNxG0T92OUucP3Ct7cpfkdFfw==",
      "requires": {
        "tslib": "^1.9.0"
      }
    },
    "rxjs-compat": {
      "version": "6.4.0",
      "resolved": "https://registry.npmjs.org/rxjs-compat/-/rxjs-compat-6.4.0.tgz",
      "integrity": "sha512-eo/O8RS83hJdJukCtA+IF6qnqa8FPOuVo+OPCzgVi+dbTle9KCdNv97IcQO0WwNVik7DJLKmf0F8uwzc0q40vw=="
    },
    "select": {
      "version": "1.1.2",
      "resolved": "https://registry.npmjs.org/select/-/select-1.1.2.tgz",
      "integrity": "sha1-DnNQrN7ICxEIUoeG7B1EGNEbOW0=",
      "optional": true
    },
    "tiny-emitter": {
      "version": "2.1.0",
      "resolved": "https://registry.npmjs.org/tiny-emitter/-/tiny-emitter-2.1.0.tgz",
      "integrity": "sha512-NB6Dk1A9xgQPMoGqC5CVXn123gWyte215ONT5Pp5a0yt4nlEoO1ZWeCwpncaekPHXO60i47ihFnZPiRPjRMq4Q==",
      "optional": true
    },
    "tslib": {
      "version": "1.9.3",
      "resolved": "https://registry.npmjs.org/tslib/-/tslib-1.9.3.tgz",
      "integrity": "sha512-4krF8scpejhaOgqzBEcGM7yDIEfi0/8+8zDRZhNZZ2kjmHJ4hv3zCbQWxoJGz1iw5U0Jl0nma13xzHXcncMavQ=="
    },
    "xhr2": {
      "version": "0.1.4",
      "resolved": "https://registry.npmjs.org/xhr2/-/xhr2-0.1.4.tgz",
      "integrity": "sha1-f4dliEdxbbUCYyOBL4GMras4el8="
    },
    "zone.js": {
      "version": "0.8.29",
      "resolved": "https://registry.npmjs.org/zone.js/-/zone.js-0.8.29.tgz",
      "integrity": "sha512-mla2acNCMkWXBD+c+yeUrBUrzOxYMNFdQ6FGfigGGtEVBPJx07BQeJekjt9DmH1FtZek4E9rE1eRR9qQpxACOQ=="
    }
  }
}
